
Microsoft Visual Studio Solution File, Format Version 12.00
# Visual Studio Express 2013 for Windows Desktop
VisualStudioVersion = 12.0.40629.0
MinimumVisualStudioVersion = 10.0.40219.1
Project("{F184B08F-C81C-45F6-A57F-5ABD9991F28F}") = "teste1", "teste1\teste1.vbproj", "{835CC649-C51D-4858-9485-48A877764038}"
EndProject
Global
	GlobalSection(SolutionConfigurationPlatforms) = preSolution
		Debug|Any CPU = Debug|Any CPU
		Release|Any CPU = Release|Any CPU
	EndGlobalSection
	GlobalSection(ProjectConfigurationPlatforms) = postSolution
		{835CC649-C51D-4858-9485-48A877764038}.Debug|Any CPU.ActiveCfg = Debug|Any CPU
		{835CC649-C51D-4858-9485-48A877764038}.Debug|Any CPU.Build.0 = Debug|Any CPU
		{835CC649-C51D-4858-9485-48A877764038}.Release|Any CPU.ActiveCfg = Release|Any CPU
		{835CC649-C51D-4858-9485-48A877764038}.Release|Any CPU.Build.0 = Release|Any CPU
	EndGlobalSection
	GlobalSection(SolutionProperties) = preSolution
		HideSolutionNode = FALSE
	EndGlobalSection
EndGlobal
